// !$*UTF8*$!
{
	archiveVersion = 1;
	classes = {
	};
	objectVersion = 50;
	objects = {

/* Begin PBXBuildFile section */
		6408CEA0222CD0A1000B2F3A /* AppDelegate.swift in Sources */ = {isa = PBXBuildFile; fileRef = 6408CE9F222CD0A1000B2F3A /* AppDelegate.swift */; };
		6408CEA5222CD0A1000B2F3A /* Main.storyboard in Resources */ = {isa = PBXBuildFile; fileRef = 6408CEA3222CD0A1000B2F3A /* Main.storyboard */; };
		6408CEA8222CD0A1000B2F3A /* WeatherChamp.xcdatamodeld in Sources */ = {isa = PBXBuildFile; fileRef = 6408CEA6222CD0A1000B2F3A /* WeatherChamp.xcdatamodeld */; };
		6408CEAA222CD0A4000B2F3A /* Assets.xcassets in Resources */ = {isa = PBXBuildFile; fileRef = 6408CEA9222CD0A4000B2F3A /* Assets.xcassets */; };
		6408CEAD222CD0A4000B2F3A /* LaunchScreen.storyboard in Resources */ = {isa = PBXBuildFile; fileRef = 6408CEAB222CD0A4000B2F3A /* LaunchScreen.storyboard */; };
		6408CEB8222CD0A4000B2F3A /* WeatherChampTests.swift in Sources */ = {isa = PBXBuildFile; fileRef = 6408CEB7222CD0A4000B2F3A /* WeatherChampTests.swift */; };
		6408CEC3222CD0A4000B2F3A /* WeatherChampUITests.swift in Sources */ = {isa = PBXBuildFile; fileRef = 6408CEC2222CD0A4000B2F3A /* WeatherChampUITests.swift */; };
		640B5A26222CEAD800D87A09 /* StorageController.swift in Sources */ = {isa = PBXBuildFile; fileRef = 640B5A25222CEAD800D87A09 /* StorageController.swift */; };
		640B5A28222CEB5D00D87A09 /* DocumentStorageController.swift in Sources */ = {isa = PBXBuildFile; fileRef = 640B5A27222CEB5D00D87A09 /* DocumentStorageController.swift */; };
		64533DE2222CD24B00AB87BB /* CityWeatherViewController.swift in Sources */ = {isa = PBXBuildFile; fileRef = 64533DE1222CD24B00AB87BB /* CityWeatherViewController.swift */; };
		64533DE4222CD5B800AB87BB /* CityTableViewCell.swift in Sources */ = {isa = PBXBuildFile; fileRef = 64533DE3222CD5B800AB87BB /* CityTableViewCell.swift */; };
		64533DE7222CD7ED00AB87BB /* Model.swift in Sources */ = {isa = PBXBuildFile; fileRef = 64533DE6222CD7ED00AB87BB /* Model.swift */; };
		64533DE9222CD7F900AB87BB /* City.swift in Sources */ = {isa = PBXBuildFile; fileRef = 64533DE8222CD7F900AB87BB /* City.swift */; };
		64533DEB222CDF7C00AB87BB /* AddNewCityViewController.swift in Sources */ = {isa = PBXBuildFile; fileRef = 64533DEA222CDF7C00AB87BB /* AddNewCityViewController.swift */; };
		64C0B5B1222DE73700B4EA99 /* TextFieldValidator.swift in Sources */ = {isa = PBXBuildFile; fileRef = 64C0B5B0222DE73700B4EA99 /* TextFieldValidator.swift */; };
		64C0B5B3222DFDE000B4EA99 /* SortedList.swift in Sources */ = {isa = PBXBuildFile; fileRef = 64C0B5B2222DFDE000B4EA99 /* SortedList.swift */; };
		64C0B5B5222E032900B4EA99 /* CitySorter.swift in Sources */ = {isa = PBXBuildFile; fileRef = 64C0B5B4222E032900B4EA99 /* CitySorter.swift */; };
		64C0B5B9222E159500B4EA99 /* SortedListTests.swift in Sources */ = {isa = PBXBuildFile; fileRef = 64C0B5B8222E159500B4EA99 /* SortedListTests.swift */; };
		64C0B5BD222E1ED800B4EA99 /* TextFieldValidatorTests.swift in Sources */ = {isa = PBXBuildFile; fileRef = 64C0B5BC222E1ED800B4EA99 /* TextFieldValidatorTests.swift */; };
		64C0B5BF222E1F0900B4EA99 /* CitySorterTests.swift in Sources */ = {isa = PBXBuildFile; fileRef = 64C0B5BE222E1F0900B4EA99 /* CitySorterTests.swift */; };
		64C0B5C3222E241100B4EA99 /* DocumentStorageControllerTests.swift in Sources */ = {isa = PBXBuildFile; fileRef = 64C0B5C2222E241100B4EA99 /* DocumentStorageControllerTests.swift */; };
/* End PBXBuildFile section */

/* Begin PBXContainerItemProxy section */
		6408CEB4222CD0A4000B2F3A /* PBXContainerItemProxy */ = {
			isa = PBXContainerItemProxy;
			containerPortal = 6408CE94222CD0A1000B2F3A /* Project object */;
			proxyType = 1;
			remoteGlobalIDString = 6408CE9B222CD0A1000B2F3A;
			remoteInfo = WeatherChamp;
		};
		6408CEBF222CD0A4000B2F3A /* PBXContainerItemProxy */ = {
			isa = PBXContainerItemProxy;
			containerPortal = 6408CE94222CD0A1000B2F3A /* Project object */;
			proxyType = 1;
			remoteGlobalIDString = 6408CE9B222CD0A1000B2F3A;
			remoteInfo = WeatherChamp;
		};
/* End PBXContainerItemProxy section */

/* Begin PBXFileReference section */
		6408CE9C222CD0A1000B2F3A /* WeatherChamp.app */ = {isa = PBXFileReference; explicitFileType = wrapper.application; includeInIndex = 0; path = WeatherChamp.app; sourceTree = BUILT_PRODUCTS_DIR; };
		6408CE9F222CD0A1000B2F3A /* AppDelegate.swift */ = {isa = PBXFileReference; lastKnownFileType = sourcecode.swift; path = AppDelegate.swift; sourceTree = "<group>"; };
		6408CEA4222CD0A1000B2F3A /* Base */ = {isa = PBXFileReference; lastKnownFileType = file.storyboard; name = Base; path = Base.lproj/Main.storyboard; sourceTree = "<group>"; };
		6408CEA7222CD0A1000B2F3A /* WeatherChamp.xcdatamodel */ = {isa = PBXFileReference; lastKnownFileType = wrapper.xcdatamodel; path = WeatherChamp.xcdatamodel; sourceTree = "<group>"; };
		6408CEA9222CD0A4000B2F3A /* Assets.xcassets */ = {isa = PBXFileReference; lastKnownFileType = folder.assetcatalog; path = Assets.xcassets; sourceTree = "<group>"; };
		6408CEAC222CD0A4000B2F3A /* Base */ = {isa = PBXFileReference; lastKnownFileType = file.storyboard; name = Base; path = Base.lproj/LaunchScreen.storyboard; sourceTree = "<group>"; };
		6408CEAE222CD0A4000B2F3A /* Info.plist */ = {isa = PBXFileReference; lastKnownFileType = text.plist.xml; path = Info.plist; sourceTree = "<group>"; };
		6408CEB3222CD0A4000B2F3A /* WeatherChampTests.xctest */ = {isa = PBXFileReference; explicitFileType = wrapper.cfbundle; includeInIndex = 0; path = WeatherChampTests.xctest; sourceTree = BUILT_PRODUCTS_DIR; };
		6408CEB7222CD0A4000B2F3A /* WeatherChampTests.swift */ = {isa = PBXFileReference; lastKnownFileType = sourcecode.swift; path = WeatherChampTests.swift; sourceTree = "<group>"; };
		6408CEB9222CD0A4000B2F3A /* Info.plist */ = {isa = PBXFileReference; lastKnownFileType = text.plist.xml; path = Info.plist; sourceTree = "<group>"; };
		6408CEBE222CD0A4000B2F3A /* WeatherChampUITests.xctest */ = {isa = PBXFileReference; explicitFileType = wrapper.cfbundle; includeInIndex = 0; path = WeatherChampUITests.xctest; sourceTree = BUILT_PRODUCTS_DIR; };
		6408CEC2222CD0A4000B2F3A /* WeatherChampUITests.swift */ = {isa = PBXFileReference; lastKnownFileType = sourcecode.swift; path = WeatherChampUITests.swift; sourceTree = "<group>"; };
		6408CEC4222CD0A4000B2F3A /* Info.plist */ = {isa = PBXFileReference; lastKnownFileType = text.plist.xml; path = Info.plist; sourceTree = "<group>"; };
		640B5A25222CEAD800D87A09 /* StorageController.swift */ = {isa = PBXFileReference; lastKnownFileType = sourcecode.swift; path = StorageController.swift; sourceTree = "<group>"; };
		640B5A27222CEB5D00D87A09 /* DocumentStorageController.swift */ = {isa = PBXFileReference; lastKnownFileType = sourcecode.swift; path = DocumentStorageController.swift; sourceTree = "<group>"; };
		64533DE1222CD24B00AB87BB /* CityWeatherViewController.swift */ = {isa = PBXFileReference; lastKnownFileType = sourcecode.swift; path = CityWeatherViewController.swift; sourceTree = "<group>"; };
		64533DE3222CD5B800AB87BB /* CityTableViewCell.swift */ = {isa = PBXFileReference; lastKnownFileType = sourcecode.swift; path = CityTableViewCell.swift; sourceTree = "<group>"; };
		64533DE6222CD7ED00AB87BB /* Model.swift */ = {isa = PBXFileReference; lastKnownFileType = sourcecode.swift; path = Model.swift; sourceTree = "<group>"; };
		64533DE8222CD7F900AB87BB /* City.swift */ = {isa = PBXFileReference; lastKnownFileType = sourcecode.swift; path = City.swift; sourceTree = "<group>"; };
		64533DEA222CDF7C00AB87BB /* AddNewCityViewController.swift */ = {isa = PBXFileReference; lastKnownFileType = sourcecode.swift; path = AddNewCityViewController.swift; sourceTree = "<group>"; };
		64C0B5B0222DE73700B4EA99 /* TextFieldValidator.swift */ = {isa = PBXFileReference; lastKnownFileType = sourcecode.swift; path = TextFieldValidator.swift; sourceTree = "<group>"; };
		64C0B5B2222DFDE000B4EA99 /* SortedList.swift */ = {isa = PBXFileReference; lastKnownFileType = sourcecode.swift; path = SortedList.swift; sourceTree = "<group>"; };
		64C0B5B4222E032900B4EA99 /* CitySorter.swift */ = {isa = PBXFileReference; lastKnownFileType = sourcecode.swift; path = CitySorter.swift; sourceTree = "<group>"; };
		64C0B5B8222E159500B4EA99 /* SortedListTests.swift */ = {isa = PBXFileReference; lastKnownFileType = sourcecode.swift; path = SortedListTests.swift; sourceTree = "<group>"; };
		64C0B5BC222E1ED800B4EA99 /* TextFieldValidatorTests.swift */ = {isa = PBXFileReference; fileEncoding = 4; lastKnownFileType = sourcecode.swift; path = TextFieldValidatorTests.swift; sourceTree = "<group>"; };
		64C0B5BE222E1F0900B4EA99 /* CitySorterTests.swift */ = {isa = PBXFileReference; lastKnownFileType = sourcecode.swift; path = CitySorterTests.swift; sourceTree = "<group>"; };
		64C0B5C2222E241100B4EA99 /* DocumentStorageControllerTests.swift */ = {isa = PBXFileReference; lastKnownFileType = sourcecode.swift; path = DocumentStorageControllerTests.swift; sourceTree = "<group>"; };
/* End PBXFileReference section */

/* Begin PBXFrameworksBuildPhase section */
		6408CE99222CD0A1000B2F3A /* Frameworks */ = {
			isa = PBXFrameworksBuildPhase;
			buildActionMask = 2147483647;
			files = (
			);
			runOnlyForDeploymentPostprocessing = 0;
		};
		6408CEB0222CD0A4000B2F3A /* Frameworks */ = {
			isa = PBXFrameworksBuildPhase;
			buildActionMask = 2147483647;
			files = (
			);
			runOnlyForDeploymentPostprocessing = 0;
		};
		6408CEBB222CD0A4000B2F3A /* Frameworks */ = {
			isa = PBXFrameworksBuildPhase;
			buildActionMask = 2147483647;
			files = (
			);
			runOnlyForDeploymentPostprocessing = 0;
		};
/* End PBXFrameworksBuildPhase section */

/* Begin PBXGroup section */
		6408CE93222CD0A1000B2F3A = {
			isa = PBXGroup;
			children = (
				6408CE9E222CD0A1000B2F3A /* WeatherChamp */,
				6408CEB6222CD0A4000B2F3A /* WeatherChampTests */,
				6408CEC1222CD0A4000B2F3A /* WeatherChampUITests */,
				6408CE9D222CD0A1000B2F3A /* Products */,
			);
			sourceTree = "<group>";
		};
		6408CE9D222CD0A1000B2F3A /* Products */ = {
			isa = PBXGroup;
			children = (
				6408CE9C222CD0A1000B2F3A /* WeatherChamp.app */,
				6408CEB3222CD0A4000B2F3A /* WeatherChampTests.xctest */,
				6408CEBE222CD0A4000B2F3A /* WeatherChampUITests.xctest */,
			);
			name = Products;
			sourceTree = "<group>";
		};
		6408CE9E222CD0A1000B2F3A /* WeatherChamp */ = {
			isa = PBXGroup;
			children = (
				64C0B5AF222DE72900B4EA99 /* Utility */,
				640B5A24222CEAC300D87A09 /* Storage */,
				640B5A23222CEAB600D87A09 /* View Controllers */,
				64533DE5222CD7E100AB87BB /* Model */,
				6408CE9F222CD0A1000B2F3A /* AppDelegate.swift */,
				6408CEA9222CD0A4000B2F3A /* Assets.xcassets */,
				6408CEAB222CD0A4000B2F3A /* LaunchScreen.storyboard */,
				6408CEAE222CD0A4000B2F3A /* Info.plist */,
				6408CEA6222CD0A1000B2F3A /* WeatherChamp.xcdatamodeld */,
			);
			path = WeatherChamp;
			sourceTree = "<group>";
		};
		6408CEB6222CD0A4000B2F3A /* WeatherChampTests */ = {
			isa = PBXGroup;
			children = (
				6408CEB7222CD0A4000B2F3A /* WeatherChampTests.swift */,
				64C0B5BC222E1ED800B4EA99 /* TextFieldValidatorTests.swift */,
				64C0B5B8222E159500B4EA99 /* SortedListTests.swift */,
				64C0B5BE222E1F0900B4EA99 /* CitySorterTests.swift */,
				64C0B5C2222E241100B4EA99 /* DocumentStorageControllerTests.swift */,
				6408CEB9222CD0A4000B2F3A /* Info.plist */,
			);
			path = WeatherChampTests;
			sourceTree = "<group>";
		};
		6408CEC1222CD0A4000B2F3A /* WeatherChampUITests */ = {
			isa = PBXGroup;
			children = (
				6408CEC2222CD0A4000B2F3A /* WeatherChampUITests.swift */,
				6408CEC4222CD0A4000B2F3A /* Info.plist */,
			);
			path = WeatherChampUITests;
			sourceTree = "<group>";
		};
		640B5A23222CEAB600D87A09 /* View Controllers */ = {
			isa = PBXGroup;
			children = (
				64533DE1222CD24B00AB87BB /* CityWeatherViewController.swift */,
				64533DEA222CDF7C00AB87BB /* AddNewCityViewController.swift */,
				64533DE3222CD5B800AB87BB /* CityTableViewCell.swift */,
				6408CEA3222CD0A1000B2F3A /* Main.storyboard */,
			);
			path = "View Controllers";
			sourceTree = "<group>";
		};
		640B5A24222CEAC300D87A09 /* Storage */ = {
			isa = PBXGroup;
			children = (
				640B5A25222CEAD800D87A09 /* StorageController.swift */,
				640B5A27222CEB5D00D87A09 /* DocumentStorageController.swift */,
			);
			path = Storage;
			sourceTree = "<group>";
		};
		64533DE5222CD7E100AB87BB /* Model */ = {
			isa = PBXGroup;
			children = (
				64533DE6222CD7ED00AB87BB /* Model.swift */,
				64533DE8222CD7F900AB87BB /* City.swift */,
			);
			path = Model;
			sourceTree = "<group>";
		};
		64C0B5AF222DE72900B4EA99 /* Utility */ = {
			isa = PBXGroup;
			children = (
				64C0B5B0222DE73700B4EA99 /* TextFieldValidator.swift */,
				64C0B5B2222DFDE000B4EA99 /* SortedList.swift */,
				64C0B5B4222E032900B4EA99 /* CitySorter.swift */,
			);
			path = Utility;
			sourceTree = "<group>";
		};
/* End PBXGroup section */

/* Begin PBXNativeTarget section */
		6408CE9B222CD0A1000B2F3A /* WeatherChamp */ = {
			isa = PBXNativeTarget;
			buildConfigurationList = 6408CEC7222CD0A4000B2F3A /* Build configuration list for PBXNativeTarget "WeatherChamp" */;
			buildPhases = (
				6408CE98222CD0A1000B2F3A /* Sources */,
				6408CE99222CD0A1000B2F3A /* Frameworks */,
				6408CE9A222CD0A1000B2F3A /* Resources */,
			);
			buildRules = (
			);
			dependencies = (
			);
			name = WeatherChamp;
			productName = WeatherChamp;
			productReference = 6408CE9C222CD0A1000B2F3A /* WeatherChamp.app */;
			productType = "com.apple.product-type.application";
		};
		6408CEB2222CD0A4000B2F3A /* WeatherChampTests */ = {
			isa = PBXNativeTarget;
			buildConfigurationList = 6408CECA222CD0A4000B2F3A /* Build configuration list for PBXNativeTarget "WeatherChampTests" */;
			buildPhases = (
				6408CEAF222CD0A4000B2F3A /* Sources */,
				6408CEB0222CD0A4000B2F3A /* Frameworks */,
				6408CEB1222CD0A4000B2F3A /* Resources */,
			);
			buildRules = (
			);
			dependencies = (
				6408CEB5222CD0A4000B2F3A /* PBXTargetDependency */,
			);
			name = WeatherChampTests;
			productName = WeatherChampTests;
			productReference = 6408CEB3222CD0A4000B2F3A /* WeatherChampTests.xctest */;
			productType = "com.apple.product-type.bundle.unit-test";
		};
		6408CEBD222CD0A4000B2F3A /* WeatherChampUITests */ = {
			isa = PBXNativeTarget;
			buildConfigurationList = 6408CECD222CD0A4000B2F3A /* Build configuration list for PBXNativeTarget "WeatherChampUITests" */;
			buildPhases = (
				6408CEBA222CD0A4000B2F3A /* Sources */,
				6408CEBB222CD0A4000B2F3A /* Frameworks */,
				6408CEBC222CD0A4000B2F3A /* Resources */,
			);
			buildRules = (
			);
			dependencies = (
				6408CEC0222CD0A4000B2F3A /* PBXTargetDependency */,
			);
			name = WeatherChampUITests;
			productName = WeatherChampUITests;
			productReference = 6408CEBE222CD0A4000B2F3A /* WeatherChampUITests.xctest */;
			productType = "com.apple.product-type.bundle.ui-testing";
		};
/* End PBXNativeTarget section */

/* Begin PBXProject section */
		6408CE94222CD0A1000B2F3A /* Project object */ = {
			isa = PBXProject;
			attributes = {
				LastSwiftUpdateCheck = 1010;
				LastUpgradeCheck = 1010;
				ORGANIZATIONNAME = "Benjamin Frost";
				TargetAttributes = {
					6408CE9B222CD0A1000B2F3A = {
						CreatedOnToolsVersion = 10.1;
					};
					6408CEB2222CD0A4000B2F3A = {
						CreatedOnToolsVersion = 10.1;
						TestTargetID = 6408CE9B222CD0A1000B2F3A;
					};
					6408CEBD222CD0A4000B2F3A = {
						CreatedOnToolsVersion = 10.1;
						TestTargetID = 6408CE9B222CD0A1000B2F3A;
					};
				};
			};
			buildConfigurationList = 6408CE97222CD0A1000B2F3A /* Build configuration list for PBXProject "WeatherChamp" */;
			compatibilityVersion = "Xcode 9.3";
			developmentRegion = en;
			hasScannedForEncodings = 0;
			knownRegions = (
				en,
				Base,
			);
			mainGroup = 6408CE93222CD0A1000B2F3A;
			productRefGroup = 6408CE9D222CD0A1000B2F3A /* Products */;
			projectDirPath = "";
			projectRoot = "";
			targets = (
				6408CE9B222CD0A1000B2F3A /* WeatherChamp */,
				6408CEB2222CD0A4000B2F3A /* WeatherChampTests */,
				6408CEBD222CD0A4000B2F3A /* WeatherChampUITests */,
			);
		};
/* End PBXProject section */

/* Begin PBXResourcesBuildPhase section */
		6408CE9A222CD0A1000B2F3A /* Resources */ = {
			isa = PBXResourcesBuildPhase;
			buildActionMask = 2147483647;
			files = (
				6408CEAD222CD0A4000B2F3A /* LaunchScreen.storyboard in Resources */,
				6408CEAA222CD0A4000B2F3A /* Assets.xcassets in Resources */,
				6408CEA5222CD0A1000B2F3A /* Main.storyboard in Resources */,
			);
			runOnlyForDeploymentPostprocessing = 0;
		};
		6408CEB1222CD0A4000B2F3A /* Resources */ = {
			isa = PBXResourcesBuildPhase;
			buildActionMask = 2147483647;
			files = (
			);
			runOnlyForDeploymentPostprocessing = 0;
		};
		6408CEBC222CD0A4000B2F3A /* Resources */ = {
			isa = PBXResourcesBuildPhase;
			buildActionMask = 2147483647;
			files = (
			);
			runOnlyForDeploymentPostprocessing = 0;
		};
/* End PBXResourcesBuildPhase section */

/* Begin PBXSourcesBuildPhase section */
		6408CE98222CD0A1000B2F3A /* Sources */ = {
			isa = PBXSourcesBuildPhase;
			buildActionMask = 2147483647;
			files = (
				64C0B5B1222DE73700B4EA99 /* TextFieldValidator.swift in Sources */,
				64533DE7222CD7ED00AB87BB /* Model.swift in Sources */,
				64533DE2222CD24B00AB87BB /* CityWeatherViewController.swift in Sources */,
				64C0B5B3222DFDE000B4EA99 /* SortedList.swift in Sources */,
				64533DE9222CD7F900AB87BB /* City.swift in Sources */,
				640B5A26222CEAD800D87A09 /* StorageController.swift in Sources */,
				640B5A28222CEB5D00D87A09 /* DocumentStorageController.swift in Sources */,
				6408CEA8222CD0A1000B2F3A /* WeatherChamp.xcdatamodeld in Sources */,
				64533DEB222CDF7C00AB87BB /* AddNewCityViewController.swift in Sources */,
				64533DE4222CD5B800AB87BB /* CityTableViewCell.swift in Sources */,
				6408CEA0222CD0A1000B2F3A /* AppDelegate.swift in Sources */,
				64C0B5B5222E032900B4EA99 /* CitySorter.swift in Sources */,
			);
			runOnlyForDeploymentPostprocessing = 0;
		};
		6408CEAF222CD0A4000B2F3A /* Sources */ = {
			isa = PBXSourcesBuildPhase;
			buildActionMask = 2147483647;
			files = (
				64C0B5C3222E241100B4EA99 /* DocumentStorageControllerTests.swift in Sources */,
				64C0B5B9222E159500B4EA99 /* SortedListTests.swift in Sources */,
				64C0B5BD222E1ED800B4EA99 /* TextFieldValidatorTests.swift in Sources */,
				6408CEB8222CD0A4000B2F3A /* WeatherChampTests.swift in Sources */,
				64C0B5BF222E1F0900B4EA99 /* CitySorterTests.swift in Sources */,
			);
			runOnlyForDeploymentPostprocessing = 0;
		};
		6408CEBA222CD0A4000B2F3A /* Sources */ = {
			isa = PBXSourcesBuildPhase;
			buildActionMask = 2147483647;
			files = (
				6408CEC3222CD0A4000B2F3A /* WeatherChampUITests.swift in Sources */,
			);
			runOnlyForDeploymentPostprocessing = 0;
		};
/* End PBXSourcesBuildPhase section */

/* Begin PBXTargetDependency section */
		6408CEB5222CD0A4000B2F3A /* PBXTargetDependency */ = {
			isa = PBXTargetDependency;
			target = 6408CE9B222CD0A1000B2F3A /* WeatherChamp */;
			targetProxy = 6408CEB4222CD0A4000B2F3A /* PBXContainerItemProxy */;
		};
		6408CEC0222CD0A4000B2F3A /* PBXTargetDependency */ = {
			isa = PBXTargetDependency;
			target = 6408CE9B222CD0A1000B2F3A /* WeatherChamp */;
			targetProxy = 6408CEBF222CD0A4000B2F3A /* PBXContainerItemProxy */;
		};
/* End PBXTargetDependency section */

/* Begin PBXVariantGroup section */
		6408CEA3222CD0A1000B2F3A /* Main.storyboard */ = {
			isa = PBXVariantGroup;
			children = (
				6408CEA4222CD0A1000B2F3A /* Base */,
			);
			name = Main.storyboard;
			sourceTree = "<group>";
		};
		6408CEAB222CD0A4000B2F3A /* LaunchScreen.storyboard */ = {
			isa = PBXVariantGroup;
			children = (
				6408CEAC222CD0A4000B2F3A /* Base */,
			);
			name = LaunchScreen.storyboard;
			sourceTree = "<group>";
		};
/* End PBXVariantGroup section */

/* Begin XCBuildConfiguration section */
		6408CEC5222CD0A4000B2F3A /* Debug */ = {
			isa = XCBuildConfiguration;
			buildSettings = {
				ALWAYS_SEARCH_USER_PATHS = NO;
				CLANG_ANALYZER_NONNULL = YES;
				CLANG_ANALYZER_NUMBER_OBJECT_CONVERSION = YES_AGGRESSIVE;
				CLANG_CXX_LANGUAGE_STANDARD = "gnu++14";
				CLANG_CXX_LIBRARY = "libc++";
				CLANG_ENABLE_MODULES = YES;
				CLANG_ENABLE_OBJC_ARC = YES;
				CLANG_ENABLE_OBJC_WEAK = YES;
				CLANG_WARN_BLOCK_CAPTURE_AUTORELEASING = YES;
				CLANG_WARN_BOOL_CONVERSION = YES;
				CLANG_WARN_COMMA = YES;
				CLANG_WARN_CONSTANT_CONVERSION = YES;
				CLANG_WARN_DEPRECATED_OBJC_IMPLEMENTATIONS = YES;
				CLANG_WARN_DIRECT_OBJC_ISA_USAGE = YES_ERROR;
				CLANG_WARN_DOCUMENTATION_COMMENTS = YES;
				CLANG_WARN_EMPTY_BODY = YES;
				CLANG_WARN_ENUM_CONVERSION = YES;
				CLANG_WARN_INFINITE_RECURSION = YES;
				CLANG_WARN_INT_CONVERSION = YES;
				CLANG_WARN_NON_LITERAL_NULL_CONVERSION = YES;
				CLANG_WARN_OBJC_IMPLICIT_RETAIN_SELF = YES;
				CLANG_WARN_OBJC_LITERAL_CONVERSION = YES;
				CLANG_WARN_OBJC_ROOT_CLASS = YES_ERROR;
				CLANG_WARN_RANGE_LOOP_ANALYSIS = YES;
				CLANG_WARN_STRICT_PROTOTYPES = YES;
				CLANG_WARN_SUSPICIOUS_MOVE = YES;
				CLANG_WARN_UNGUARDED_AVAILABILITY = YES_AGGRESSIVE;
				CLANG_WARN_UNREACHABLE_CODE = YES;
				CLANG_WARN__DUPLICATE_METHOD_MATCH = YES;
				CODE_SIGN_IDENTITY = "iPhone Developer";
				COPY_PHASE_STRIP = NO;
				DEBUG_INFORMATION_FORMAT = dwarf;
				ENABLE_STRICT_OBJC_MSGSEND = YES;
				ENABLE_TESTABILITY = YES;
				GCC_C_LANGUAGE_STANDARD = gnu11;
				GCC_DYNAMIC_NO_PIC = NO;
				GCC_NO_COMMON_BLOCKS = YES;
				GCC_OPTIMIZATION_LEVEL = 0;
				GCC_PREPROCESSOR_DEFINITIONS = (
					"DEBUG=1",
					"$(inherited)",
				);
				GCC_WARN_64_TO_32_BIT_CONVERSION = YES;
				GCC_WARN_ABOUT_RETURN_TYPE = YES_ERROR;
				GCC_WARN_UNDECLARED_SELECTOR = YES;
				GCC_WARN_UNINITIALIZED_AUTOS = YES_AGGRESSIVE;
				GCC_WARN_UNUSED_FUNCTION = YES;
				GCC_WARN_UNUSED_VARIABLE = YES;
				IPHONEOS_DEPLOYMENT_TARGET = 12.1;
				MTL_ENABLE_DEBUG_INFO = INCLUDE_SOURCE;
				MTL_FAST_MATH = YES;
				ONLY_ACTIVE_ARCH = YES;
				SDKROOT = iphoneos;
				SWIFT_ACTIVE_COMPILATION_CONDITIONS = DEBUG;
				SWIFT_OPTIMIZATION_LEVEL = "-Onone";
			};
			name = Debug;
		};
		6408CEC6222CD0A4000B2F3A /* Release */ = {
			isa = XCBuildConfiguration;
			buildSettings = {
				ALWAYS_SEARCH_USER_PATHS = NO;
				CLANG_ANALYZER_NONNULL = YES;
				CLANG_ANALYZER_NUMBER_OBJECT_CONVERSION = YES_AGGRESSIVE;
				CLANG_CXX_LANGUAGE_STANDARD = "gnu++14";
				CLANG_CXX_LIBRARY = "libc++";
				CLANG_ENABLE_MODULES = YES;
				CLANG_ENABLE_OBJC_ARC = YES;
				CLANG_ENABLE_OBJC_WEAK = YES;
				CLANG_WARN_BLOCK_CAPTURE_AUTORELEASING = YES;
				CLANG_WARN_BOOL_CONVERSION = YES;
				CLANG_WARN_COMMA = YES;
				CLANG_WARN_CONSTANT_CONVERSION = YES;
				CLANG_WARN_DEPRECATED_OBJC_IMPLEMENTATIONS = YES;
				CLANG_WARN_DIRECT_OBJC_ISA_USAGE = YES_ERROR;
				CLANG_WARN_DOCUMENTATION_COMMENTS = YES;
				CLANG_WARN_EMPTY_BODY = YES;
				CLANG_WARN_ENUM_CONVERSION = YES;
				CLANG_WARN_INFINITE_RECURSION = YES;
				CLANG_WARN_INT_CONVERSION = YES;
				CLANG_WARN_NON_LITERAL_NULL_CONVERSION = YES;
				CLANG_WARN_OBJC_IMPLICIT_RETAIN_SELF = YES;
				CLANG_WARN_OBJC_LITERAL_CONVERSION = YES;
				CLANG_WARN_OBJC_ROOT_CLASS = YES_ERROR;
				CLANG_WARN_RANGE_LOOP_ANALYSIS = YES;
				CLANG_WARN_STRICT_PROTOTYPES = YES;
				CLANG_WARN_SUSPICIOUS_MOVE = YES;
				CLANG_WARN_UNGUARDED_AVAILABILITY = YES_AGGRESSIVE;
				CLANG_WARN_UNREACHABLE_CODE = YES;
				CLANG_WARN__DUPLICATE_METHOD_MATCH = YES;
				CODE_SIGN_IDENTITY = "iPhone Developer";
				COPY_PHASE_STRIP = NO;
				DEBUG_INFORMATION_FORMAT = "dwarf-with-dsym";
				ENABLE_NS_ASSERTIONS = NO;
				ENABLE_STRICT_OBJC_MSGSEND = YES;
				GCC_C_LANGUAGE_STANDARD = gnu11;
				GCC_NO_COMMON_BLOCKS = YES;
				GCC_WARN_64_TO_32_BIT_CONVERSION = YES;
				GCC_WARN_ABOUT_RETURN_TYPE = YES_ERROR;
				GCC_WARN_UNDECLARED_SELECTOR = YES;
				GCC_WARN_UNINITIALIZED_AUTOS = YES_AGGRESSIVE;
				GCC_WARN_UNUSED_FUNCTION = YES;
				GCC_WARN_UNUSED_VARIABLE = YES;
				IPHONEOS_DEPLOYMENT_TARGET = 12.1;
				MTL_ENABLE_DEBUG_INFO = NO;
				MTL_FAST_MATH = YES;
				SDKROOT = iphoneos;
				SWIFT_COMPILATION_MODE = wholemodule;
				SWIFT_OPTIMIZATION_LEVEL = "-O";
				VALIDATE_PRODUCT = YES;
			};
			name = Release;
		};
		6408CEC8222CD0A4000B2F3A /* Debug */ = {
			isa = XCBuildConfiguration;
			buildSettings = {
				ASSETCATALOG_COMPILER_APPICON_NAME = AppIcon;
				CODE_SIGN_STYLE = Automatic;
				DEVELOPMENT_TEAM = R7RTM529H4;
				INFOPLIST_FILE = WeatherChamp/Info.plist;
				LD_RUNPATH_SEARCH_PATHS = (
					"$(inherited)",
					"@executable_path/Frameworks",
				);
				PRODUCT_BUNDLE_IDENTIFIER = jonathon.dollal.WeatherChamp;
				PRODUCT_NAME = "$(TARGET_NAME)";
				SWIFT_VERSION = 4.2;
				TARGETED_DEVICE_FAMILY = "1,2";
			};
			name = Debug;
		};
		6408CEC9222CD0A4000B2F3A /* Release */ = {
			isa = XCBuildConfiguration;
			buildSettings = {
				ASSETCATALOG_COMPILER_APPICON_NAME = AppIcon;
				CODE_SIGN_STYLE = Automatic;
				DEVELOPMENT_TEAM = R7RTM529H4;
				INFOPLIST_FILE = WeatherChamp/Info.plist;
				LD_RUNPATH_SEARCH_PATHS = (
					"$(inherited)",
					"@executable_path/Frameworks",
				);
				PRODUCT_BUNDLE_IDENTIFIER = jonathon.dollal.WeatherChamp;
				PRODUCT_NAME = "$(TARGET_NAME)";
				SWIFT_VERSION = 4.2;
				TARGETED_DEVICE_FAMILY = "1,2";
			};
			name = Release;
		};
		6408CECB222CD0A4000B2F3A /* Debug */ = {
			isa = XCBuildConfiguration;
			buildSettings = {
				ALWAYS_EMBED_SWIFT_STANDARD_LIBRARIES = YES;
				BUNDLE_LOADER = "$(TEST_HOST)";
				CODE_SIGN_STYLE = Automatic;
				DEVELOPMENT_TEAM = R7RTM529H4;
				INFOPLIST_FILE = WeatherChampTests/Info.plist;
				LD_RUNPATH_SEARCH_PATHS = (
					"$(inherited)",
					"@executable_path/Frameworks",
					"@loader_path/Frameworks",
				);
				PRODUCT_BUNDLE_IDENTIFIER = jonathon.dollal.WeatherChampTests;
				PRODUCT_NAME = "$(TARGET_NAME)";
				SWIFT_VERSION = 4.2;
				TARGETED_DEVICE_FAMILY = "1,2";
				TEST_HOST = "$(BUILT_PRODUCTS_DIR)/WeatherChamp.app/WeatherChamp";
			};
			name = Debug;
		};
		6408CECC222CD0A4000B2F3A /* Release */ = {
			isa = XCBuildConfiguration;
			buildSettings = {
				ALWAYS_EMBED_SWIFT_STANDARD_LIBRARIES = YES;
				BUNDLE_LOADER = "$(TEST_HOST)";
				CODE_SIGN_STYLE = Automatic;
				DEVELOPMENT_TEAM = R7RTM529H4;
				INFOPLIST_FILE = WeatherChampTests/Info.plist;
				LD_RUNPATH_SEARCH_PATHS = (
					"$(inherited)",
					"@executable_path/Frameworks",
					"@loader_path/Frameworks",
				);
				PRODUCT_BUNDLE_IDENTIFIER = jonathon.dollal.WeatherChampTests;
				PRODUCT_NAME = "$(TARGET_NAME)";
				SWIFT_VERSION = 4.2;
				TARGETED_DEVICE_FAMILY = "1,2";
				TEST_HOST = "$(BUILT_PRODUCTS_DIR)/WeatherChamp.app/WeatherChamp";
			};
			name = Release;
		};
		6408CECE222CD0A4000B2F3A /* Debug */ = {
			isa = XCBuildConfiguration;
			buildSettings = {
				ALWAYS_EMBED_SWIFT_STANDARD_LIBRARIES = YES;
				CODE_SIGN_STYLE = Automatic;
				DEVELOPMENT_TEAM = R7RTM529H4;
				INFOPLIST_FILE = WeatherChampUITests/Info.plist;
				LD_RUNPATH_SEARCH_PATHS = (
					"$(inherited)",
					"@executable_path/Frameworks",
					"@loader_path/Frameworks",
				);
				PRODUCT_BUNDLE_IDENTIFIER = jonathon.dollal.WeatherChampUITests;
				PRODUCT_NAME = "$(TARGET_NAME)";
				SWIFT_VERSION = 4.2;
				TARGETED_DEVICE_FAMILY = "1,2";
				TEST_TARGET_NAME = WeatherChamp;
			};
			name = Debug;
		};
		6408CECF222CD0A4000B2F3A /* Release */ = {
			isa = XCBuildConfiguration;
			buildSettings = {
				ALWAYS_EMBED_SWIFT_STANDARD_LIBRARIES = YES;
				CODE_SIGN_STYLE = Automatic;
				DEVELOPMENT_TEAM = R7RTM529H4;
				INFOPLIST_FILE = WeatherChampUITests/Info.plist;
				LD_RUNPATH_SEARCH_PATHS = (
					"$(inherited)",
					"@executable_path/Frameworks",
					"@loader_path/Frameworks",
				);
				PRODUCT_BUNDLE_IDENTIFIER = jonathon.dollal.WeatherChampUITests;
				PRODUCT_NAME = "$(TARGET_NAME)";
				SWIFT_VERSION = 4.2;
				TARGETED_DEVICE_FAMILY = "1,2";
				TEST_TARGET_NAME = WeatherChamp;
			};
			name = Release;
		};
/* End XCBuildConfiguration section */

/* Begin XCConfigurationList section */
		6408CE97222CD0A1000B2F3A /* Build configuration list for PBXProject "WeatherChamp" */ = {
			isa = XCConfigurationList;
			buildConfigurations = (
				6408CEC5222CD0A4000B2F3A /* Debug */,
				6408CEC6222CD0A4000B2F3A /* Release */,
			);
			defaultConfigurationIsVisible = 0;
			defaultConfigurationName = Release;
		};
		6408CEC7222CD0A4000B2F3A /* Build configuration list for PBXNativeTarget "WeatherChamp" */ = {
			isa = XCConfigurationList;
			buildConfigurations = (
				6408CEC8222CD0A4000B2F3A /* Debug */,
				6408CEC9222CD0A4000B2F3A /* Release */,
			);
			defaultConfigurationIsVisible = 0;
			defaultConfigurationName = Release;
		};
		6408CECA222CD0A4000B2F3A /* Build configuration list for PBXNativeTarget "WeatherChampTests" */ = {
			isa = XCConfigurationList;
			buildConfigurations = (
				6408CECB222CD0A4000B2F3A /* Debug */,
				6408CECC222CD0A4000B2F3A /* Release */,
			);
			defaultConfigurationIsVisible = 0;
			defaultConfigurationName = Release;
		};
		6408CECD222CD0A4000B2F3A /* Build configuration list for PBXNativeTarget "WeatherChampUITests" */ = {
			isa = XCConfigurationList;
			buildConfigurations = (
				6408CECE222CD0A4000B2F3A /* Debug */,
				6408CECF222CD0A4000B2F3A /* Release */,
			);
			defaultConfigurationIsVisible = 0;
			defaultConfigurationName = Release;
		};
/* End XCConfigurationList section */

/* Begin XCVersionGroup section */
		6408CEA6222CD0A1000B2F3A /* WeatherChamp.xcdatamodeld */ = {
			isa = XCVersionGroup;
			children = (
				6408CEA7222CD0A1000B2F3A /* WeatherChamp.xcdatamodel */,
			);
			currentVersion = 6408CEA7222CD0A1000B2F3A /* WeatherChamp.xcdatamodel */;
			path = WeatherChamp.xcdatamodeld;
			sourceTree = "<group>";
			versionGroupType = wrapper.xcdatamodel;
		};
/* End XCVersionGroup section */
	};
	rootObject = 6408CE94222CD0A1000B2F3A /* Project object */;
}
